
Microsoft Visual Studio Solution File, Format Version 12.00
# Visual Studio Version 17
VisualStudioVersion = 17.0.31903.59
MinimumVisualStudioVersion = 10.0.40219.1
Project("{2150E333-8FDC-42A3-9474-1A3956D46DE8}") = "src", "src", "{4F174A63-F380-4D4C-A101-C607A786707A}"
EndProject
Project("{FAE04EC0-301F-11D3-BF4B-00C04F79EFBC}") = "Api", "src\Api\Api.csproj", "{6CC51B75-8668-4E24-AAC0-C85072796EB1}"
EndProject
Project("{2150E333-8FDC-42A3-9474-1A3956D46DE8}") = "Module", "Module", "{43C5486F-B6CD-48B0-8231-2FB31ADA61F6}"
EndProject
Project("{2150E333-8FDC-42A3-9474-1A3956D46DE8}") = "CreditHub", "CreditHub", "{EE18C290-47D4-42E0-AC29-E5538DEC4572}"
EndProject
Project("{FAE04EC0-301F-11D3-BF4B-00C04F79EFBC}") = "CreditHub.Application", "src\Module\CreditHub\CreditHub.Application\CreditHub.Application.csproj", "{31B36EA5-8B7F-46AE-8086-8E379461B91A}"
EndProject
Global
	GlobalSection(SolutionConfigurationPlatforms) = preSolution
		Debug|Any CPU = Debug|Any CPU
		Release|Any CPU = Release|Any CPU
	EndGlobalSection
	GlobalSection(SolutionProperties) = preSolution
		HideSolutionNode = FALSE
	EndGlobalSection
	GlobalSection(ProjectConfigurationPlatforms) = postSolution
		{6CC51B75-8668-4E24-AAC0-C85072796EB1}.Debug|Any CPU.ActiveCfg = Debug|Any CPU
		{6CC51B75-8668-4E24-AAC0-C85072796EB1}.Debug|Any CPU.Build.0 = Debug|Any CPU
		{6CC51B75-8668-4E24-AAC0-C85072796EB1}.Release|Any CPU.ActiveCfg = Release|Any CPU
		{6CC51B75-8668-4E24-AAC0-C85072796EB1}.Release|Any CPU.Build.0 = Release|Any CPU
		{31B36EA5-8B7F-46AE-8086-8E379461B91A}.Debug|Any CPU.ActiveCfg = Debug|Any CPU
		{31B36EA5-8B7F-46AE-8086-8E379461B91A}.Debug|Any CPU.Build.0 = Debug|Any CPU
		{31B36EA5-8B7F-46AE-8086-8E379461B91A}.Release|Any CPU.ActiveCfg = Release|Any CPU
		{31B36EA5-8B7F-46AE-8086-8E379461B91A}.Release|Any CPU.Build.0 = Release|Any CPU
	EndGlobalSection
	GlobalSection(NestedProjects) = preSolution
		{6CC51B75-8668-4E24-AAC0-C85072796EB1} = {4F174A63-F380-4D4C-A101-C607A786707A}
		{43C5486F-B6CD-48B0-8231-2FB31ADA61F6} = {4F174A63-F380-4D4C-A101-C607A786707A}
		{EE18C290-47D4-42E0-AC29-E5538DEC4572} = {43C5486F-B6CD-48B0-8231-2FB31ADA61F6}
		{31B36EA5-8B7F-46AE-8086-8E379461B91A} = {EE18C290-47D4-42E0-AC29-E5538DEC4572}
	EndGlobalSection
EndGlobal
