
Microsoft Visual Studio Solution File, Format Version 12.00
# Visual Studio Version 17
VisualStudioVersion = 17.0.31903.59
MinimumVisualStudioVersion = 10.0.40219.1
Project("{2150E333-8FDC-42A3-9474-1A3956D46DE8}") = "src", "src", "{1345991A-42AC-443B-9989-9D7DF04605A1}"
EndProject
Project("{FAE04EC0-301F-11D3-BF4B-00C04F79EFBC}") = "Api", "src\Api\Api.csproj", "{BEFB1C7D-B3D6-4F4A-A6A7-B3C01D874C13}"
EndProject
Project("{2150E333-8FDC-42A3-9474-1A3956D46DE8}") = "Module", "Module", "{9DC54031-4B54-4F54-93B9-A8C696287E48}"
EndProject
Project("{2150E333-8FDC-42A3-9474-1A3956D46DE8}") = "CreditHub", "CreditHub", "{4937F77A-37DB-42AC-8E30-10945F9D29B1}"
EndProject
Project("{FAE04EC0-301F-11D3-BF4B-00C04F79EFBC}") = "CreditHub.Application", "src\Module\CreditHub\CreditHub.Application\CreditHub.Application.csproj", "{1B32962A-618D-4C11-85FE-5AF543F9F66F}"
EndProject
Global
	GlobalSection(SolutionConfigurationPlatforms) = preSolution
		Debug|Any CPU = Debug|Any CPU
		Release|Any CPU = Release|Any CPU
	EndGlobalSection
	GlobalSection(SolutionProperties) = preSolution
		HideSolutionNode = FALSE
	EndGlobalSection
	GlobalSection(ProjectConfigurationPlatforms) = postSolution
		{BEFB1C7D-B3D6-4F4A-A6A7-B3C01D874C13}.Debug|Any CPU.ActiveCfg = Debug|Any CPU
		{BEFB1C7D-B3D6-4F4A-A6A7-B3C01D874C13}.Debug|Any CPU.Build.0 = Debug|Any CPU
		{BEFB1C7D-B3D6-4F4A-A6A7-B3C01D874C13}.Release|Any CPU.ActiveCfg = Release|Any CPU
		{BEFB1C7D-B3D6-4F4A-A6A7-B3C01D874C13}.Release|Any CPU.Build.0 = Release|Any CPU
		{1B32962A-618D-4C11-85FE-5AF543F9F66F}.Debug|Any CPU.ActiveCfg = Debug|Any CPU
		{1B32962A-618D-4C11-85FE-5AF543F9F66F}.Debug|Any CPU.Build.0 = Debug|Any CPU
		{1B32962A-618D-4C11-85FE-5AF543F9F66F}.Release|Any CPU.ActiveCfg = Release|Any CPU
		{1B32962A-618D-4C11-85FE-5AF543F9F66F}.Release|Any CPU.Build.0 = Release|Any CPU
	EndGlobalSection
	GlobalSection(NestedProjects) = preSolution
		{BEFB1C7D-B3D6-4F4A-A6A7-B3C01D874C13} = {1345991A-42AC-443B-9989-9D7DF04605A1}
		{9DC54031-4B54-4F54-93B9-A8C696287E48} = {1345991A-42AC-443B-9989-9D7DF04605A1}
		{4937F77A-37DB-42AC-8E30-10945F9D29B1} = {9DC54031-4B54-4F54-93B9-A8C696287E48}
		{1B32962A-618D-4C11-85FE-5AF543F9F66F} = {4937F77A-37DB-42AC-8E30-10945F9D29B1}
	EndGlobalSection
EndGlobal
